# This file is automatically @generated by Cargo.
# It is not intended for manual editing.
version = 4

[[package]]
name = "auth"
version = "0.1.0"

[[package]]
name = "character"
version = "0.1.0"

[[package]]
name = "chat"
version = "0.1.0"

[[package]]
name = "common"
version = "0.1.0"

[[package]]
name = "content"
version = "0.1.0"

[[package]]
name = "gateway"
version = "0.1.0"

[[package]]
name = "plugin-host"
version = "0.1.0"

[[package]]
name = "realm-directory"
version = "0.1.0"

[[package]]
name = "server"
version = "0.1.0"

[[package]]
name = "transfer"
version = "0.1.0"

[[package]]
name = "world"
version = "0.1.0"
